Microsoft Visual Studio Solution File, Format Version 12.00
# Visual Studio Version 17
VisualStudioVersion = 17.5.2.0
MinimumVisualStudioVersion = 10.0.40219.1
Project("{FAE04EC0-301F-11D3-BF4B-00C04F79EFBC}") = "Producer.Api", "Producer.Api.csproj", "{2112F929-C640-513D-6DA0-8B3B4A91DB5F}"
EndProject
Global
	GlobalSection(SolutionConfigurationPlatforms) = preSolution
		Debug|Any CPU = Debug|Any CPU
		Release|Any CPU = Release|Any CPU
	EndGlobalSection
	GlobalSection(ProjectConfigurationPlatforms) = postSolution
		{2112F929-C640-513D-6DA0-8B3B4A91DB5F}.Debug|Any CPU.ActiveCfg = Debug|Any CPU
		{2112F929-C640-513D-6DA0-8B3B4A91DB5F}.Debug|Any CPU.Build.0 = Debug|Any CPU
		{2112F929-C640-513D-6DA0-8B3B4A91DB5F}.Release|Any CPU.ActiveCfg = Release|Any CPU
		{2112F929-C640-513D-6DA0-8B3B4A91DB5F}.Release|Any CPU.Build.0 = Release|Any CPU
	EndGlobalSection
	GlobalSection(SolutionProperties) = preSolution
		HideSolutionNode = FALSE
	EndGlobalSection
	GlobalSection(ExtensibilityGlobals) = postSolution
		SolutionGuid = {822B06FB-2F8E-44B6-BD74-6107FA242173}
	EndGlobalSection
EndGlobal
